# This file is generated by running "yarn install" inside your project.
# Manual changes might be lost - proceed with caution!

__metadata:
  version: 4
  cacheKey: 7

"@types/node@npm:^15.12.2":
  version: 15.12.2
  resolution: "@types/node@npm:15.12.2"
  checksum: 26b9170eb825656751955e919dcea7963d1be4d1eba361c67e41b51a55436c51d69d63f49ee98aaf4fe2e0e5eb3c0038408a8f542316b7583e9badf4fdd10024
  languageName: node
  linkType: hard

"ask-again@workspace:.":
  version: 0.0.0-use.local
  resolution: "ask-again@workspace:."
  dependencies:
    "@types/node": ^15.12.2
    typescript: ^4.3.2
  languageName: unknown
  linkType: soft

typescript@^4.3.2:
  version: 4.3.2
  resolution: "typescript@npm:4.3.2"
  bin:
    tsc: bin/tsc
    tsserver: bin/tsserver
  checksum: 21e1285402e32fd240f6ad3f97b6fea81b90d2591f412677d01b570a8bd93151d1e08460d58f43689fc758671a5baaebb16fa93d3c8260181612c8e619bd24f7
  languageName: node
  linkType: hard

"typescript@patch:typescript@^4.3.2#builtin<compat/typescript>":
  version: 4.3.2
  resolution: "typescript@patch:typescript@npm%3A4.3.2#builtin<compat/typescript>::version=4.3.2&hash=ddfc1b"
  bin:
    tsc: bin/tsc
    tsserver: bin/tsserver
  checksum: 68d48dc86dacfeab59a22414ff061c976c46b679a9717a3a710051ea7bab779fd23f4edb856434da8155e8e8646c90b3912e342cc0010dfd15ed321a42cb0578
  languageName: node
  linkType: hard
